{
  "name": "contentful-backup-system",
  "version": "1.0.0",
  "lockfileVersion": 3,
  "requires": true,
  "packages": {
    "": {
      "name": "contentful-backup-system",
      "version": "1.0.0",
      "devDependencies": {
        "fast-check": "4.10.2",
        "js-yaml": "5.4.2"
      }
    },
    "node_modules/argparse": {
      "version": "2.0.1",
      "resolved": "https://registry.npmjs.org/argparse/-/argparse-2.0.1.tgz",
      "integrity": "sha512-8+9WqebbFzpX9OR+Wa6O29asIogeRMzcGtAINdpMHHyAg10f05aSFVBbcEqGf/PXw1EjAZ+q2/bEBg3DvurK3Q==",
      "dev": true,
      "license": "Python-2.0"
    },
    "node_modules/fast-check": {
      "version": "4.10.2",
      "resolved": "https://registry.npmjs.org/fast-check/-/fast-check-4.10.2.tgz",
      "integrity": "sha512-iK2f+YrcmoeGqk6fA0ea2bptcu/itMIm4NfEozq6N25+aG6h7s5HZbB/k1aV7b5w5sFLMCbbtRUsTVR+BgC3xw==",
      "dev": true,
      "funding": [
        {
          "type": "individual",
          "url": "https://github.com/sponsors/dubzzz"
        },
        {
          "type": "opencollective",
          "url": "https://opencollective.com/fast-check"
        }
      ],
      "license": "MIT",
      "dependencies": {
        "pure-rand": "^8.0.0"
      },
      "engines": {
        "node": ">=12.17.0"
      }
    },
    "node_modules/js-yaml": {
      "version": "5.4.2",
      "resolved": "https://registry.npmjs.org/js-yaml/-/js-yaml-5.4.2.tgz",
      "integrity": "sha512-m+aqu+LwO1O6sIopafj8HUVl5aawITwZQe/yHpMCKjaWBaA/d07B/QdMb3529REftiU+RMMHL3Vlsw3hON7vWg==",
      "dev": true,
      "funding": [
        {
          "type": "github",
          "url": "https://github.com/sponsors/puzrin"
        },
        {
          "type": "github",
          "url": "https://github.com/sponsors/nodeca"
        }
      ],
      "license": "MIT",
      "dependencies": {
        "argparse": "^2.0.1"
      },
      "bin": {
        "js-yaml": "bin/js-yaml.mjs"
      }
    },
    "node_modules/pure-rand": {
      "version": "8.4.2",
      "resolved": "https://registry.npmjs.org/pure-rand/-/pure-rand-8.4.2.tgz",
      "integrity": "sha512-vvuOGgcuPJAirlHvuQw1TrOiw7ptaIXXmIbNuiNOY6lNGJJH49PQ1Kj4nd783nPdQhQdicgOjVI2yI/9BD6/Ng==",
      "dev": true,
      "funding": [
        {
          "type": "individual",
          "url": "https://github.com/sponsors/dubzzz"
        },
        {
          "type": "opencollective",
          "url": "https://opencollective.com/fast-check"
        }
      ],
      "license": "MIT"
    }
  }
}
